// !$*UTF8*$!
{
	archiveVersion = 1;
	classes = {
	};
	objectVersion = 46;
	objects = {

/* Begin PBXBuildFile section */
		6A1EE7A01A1FD73D003EECCA /* NSPopover+NSPopover_TSExtensions.m in Sources */ = {isa = PBXBuildFile; fileRef = 6A1EE79F1A1FD73D003EECCA /* NSPopover+NSPopover_TSExtensions.m */; };
		6A4390FF1A1FAE3E00393E13 /* QuartzCore.framework in Frameworks */ = {isa = PBXBuildFile; fileRef = 6A4390FE1A1FAE3E00393E13 /* QuartzCore.framework */; };
		6A43910A1A1FB30900393E13 /* TSSeekBar.m in Sources */ = {isa = PBXBuildFile; fileRef = 6A4391091A1FB30900393E13 /* TSSeekBar.m */; };
		6A43910D1A1FC3A200393E13 /* TSFloatToTimeIntervalTransformer.m in Sources */ = {isa = PBXBuildFile; fileRef = 6A43910C1A1FC3A200393E13 /* TSFloatToTimeIntervalTransformer.m */; };
		6A57B4FD1A1E7E5400271E9B /* TSAppDelegate.m in Sources */ = {isa = PBXBuildFile; fileRef = 6A57B4FC1A1E7E5400271E9B /* TSAppDelegate.m */; };
		6A57B4FF1A1E7E5400271E9B /* main.m in Sources */ = {isa = PBXBuildFile; fileRef = 6A57B4FE1A1E7E5400271E9B /* main.m */; };
		6A57B5011A1E7E5400271E9B /* Images.xcassets in Resources */ = {isa = PBXBuildFile; fileRef = 6A57B5001A1E7E5400271E9B /* Images.xcassets */; };
		6A57B5041A1E7E5400271E9B /* MainMenu.xib in Resources */ = {isa = PBXBuildFile; fileRef = 6A57B5021A1E7E5400271E9B /* MainMenu.xib */; };
		6A57B5211A1ED52900271E9B /* NotificationCenter.framework in Frameworks */ = {isa = PBXBuildFile; fileRef = 6A57B5201A1ED52900271E9B /* NotificationCenter.framework */; };
		6A57B5281A1ED52900271E9B /* InfoPlist.strings in Resources */ = {isa = PBXBuildFile; fileRef = 6A57B5261A1ED52900271E9B /* InfoPlist.strings */; };
		6A57B52B1A1ED52900271E9B /* TSTodayExtensionController.m in Sources */ = {isa = PBXBuildFile; fileRef = 6A57B52A1A1ED52900271E9B /* TSTodayExtensionController.m */; };
		6A57B52D1A1ED52900271E9B /* TSTodayExtensionController.xib in Resources */ = {isa = PBXBuildFile; fileRef = 6A57B52C1A1ED52900271E9B /* TSTodayExtensionController.xib */; };
		6A57B5301A1ED52900271E9B /* NowPlaying.appex in Embed App Extensions */ = {isa = PBXBuildFile; fileRef = 6A57B51E1A1ED52900271E9B /* NowPlaying.appex */; settings = {ATTRIBUTES = (RemoveHeadersOnCopy, ); }; };
		6A57B5381A1EE33600271E9B /* Images.xcassets in Resources */ = {isa = PBXBuildFile; fileRef = 6A57B5371A1EE33600271E9B /* Images.xcassets */; };
		6A57B53D1A1EE73F00271E9B /* TSiTunesController.m in Sources */ = {isa = PBXBuildFile; fileRef = 6A57B53C1A1EE73F00271E9B /* TSiTunesController.m */; };
		6A57B53F1A1EEE5A00271E9B /* ScriptingBridge.framework in Frameworks */ = {isa = PBXBuildFile; fileRef = 6A57B53E1A1EEE5A00271E9B /* ScriptingBridge.framework */; };
		6A57B5451A1F051600271E9B /* ITSwitch.m in Sources */ = {isa = PBXBuildFile; fileRef = 6A57B5441A1F051600271E9B /* ITSwitch.m */; };
		6A57B54A1A1F052300271E9B /* ITSwitch.m in Sources */ = {isa = PBXBuildFile; fileRef = 6A57B5491A1F052300271E9B /* ITSwitch.m */; };
		6A57B5501A1F05F100271E9B /* TSTodaySettings.m in Sources */ = {isa = PBXBuildFile; fileRef = 6A57B54E1A1F05F100271E9B /* TSTodaySettings.m */; };
		6A57B5511A1F05F100271E9B /* TSTodaySettings.xib in Resources */ = {isa = PBXBuildFile; fileRef = 6A57B54F1A1F05F100271E9B /* TSTodaySettings.xib */; };
		6A57B5551A1F0B1500271E9B /* TSMouseTrackingView.m in Sources */ = {isa = PBXBuildFile; fileRef = 6A57B5541A1F0B1500271E9B /* TSMouseTrackingView.m */; };
/* End PBXBuildFile section */

/* Begin PBXContainerItemProxy section */
		6A57B52E1A1ED52900271E9B /* PBXContainerItemProxy */ = {
			isa = PBXContainerItemProxy;
			containerPortal = 6A57B4EE1A1E7E5400271E9B /* Project object */;
			proxyType = 1;
			remoteGlobalIDString = 6A57B51D1A1ED52900271E9B;
			remoteInfo = NowPlaying;
		};
/* End PBXContainerItemProxy section */

/* Begin PBXCopyFilesBuildPhase section */
		6A57B5341A1ED52900271E9B /* Embed App Extensions */ = {
			isa = PBXCopyFilesBuildPhase;
			buildActionMask = 2147483647;
			dstPath = "";
			dstSubfolderSpec = 13;
			files = (
				6A57B5301A1ED52900271E9B /* NowPlaying.appex in Embed App Extensions */,
			);
			name = "Embed App Extensions";
			runOnlyForDeploymentPostprocessing = 0;
		};
/* End PBXCopyFilesBuildPhase section */

/* Begin PBXFileReference section */
		6A1EE79E1A1FD73D003EECCA /* NSPopover+NSPopover_TSExtensions.h */ = {isa = PBXFileReference; fileEncoding = 4; lastKnownFileType = sourcecode.c.h; path = "NSPopover+NSPopover_TSExtensions.h"; sourceTree = "<group>"; };
		6A1EE79F1A1FD73D003EECCA /* NSPopover+NSPopover_TSExtensions.m */ = {isa = PBXFileReference; fileEncoding = 4; lastKnownFileType = sourcecode.c.objc; path = "NSPopover+NSPopover_TSExtensions.m"; sourceTree = "<group>"; };
		6A4390FE1A1FAE3E00393E13 /* QuartzCore.framework */ = {isa = PBXFileReference; lastKnownFileType = wrapper.framework; name = QuartzCore.framework; path = System/Library/Frameworks/QuartzCore.framework; sourceTree = SDKROOT; };
		6A4391081A1FB30900393E13 /* TSSeekBar.h */ = {isa = PBXFileReference; fileEncoding = 4; lastKnownFileType = sourcecode.c.h; path = TSSeekBar.h; sourceTree = "<group>"; };
		6A4391091A1FB30900393E13 /* TSSeekBar.m */ = {isa = PBXFileReference; fileEncoding = 4; lastKnownFileType = sourcecode.c.objc; path = TSSeekBar.m; sourceTree = "<group>"; };
		6A43910B1A1FC3A200393E13 /* TSFloatToTimeIntervalTransformer.h */ = {isa = PBXFileReference; fileEncoding = 4; lastKnownFileType = sourcecode.c.h; path = TSFloatToTimeIntervalTransformer.h; sourceTree = "<group>"; };
		6A43910C1A1FC3A200393E13 /* TSFloatToTimeIntervalTransformer.m */ = {isa = PBXFileReference; fileEncoding = 4; lastKnownFileType = sourcecode.c.objc; path = TSFloatToTimeIntervalTransformer.m; sourceTree = "<group>"; };
		6A57B4F61A1E7E5400271E9B /* Meeper.app */ = {isa = PBXFileReference; explicitFileType = wrapper.application; includeInIndex = 0; path = Meeper.app; sourceTree = BUILT_PRODUCTS_DIR; };
		6A57B4FA1A1E7E5400271E9B /* Info.plist */ = {isa = PBXFileReference; lastKnownFileType = text.plist.xml; path = Info.plist; sourceTree = "<group>"; };
		6A57B4FB1A1E7E5400271E9B /* TSAppDelegate.h */ = {isa = PBXFileReference; lastKnownFileType = sourcecode.c.h; path = TSAppDelegate.h; sourceTree = "<group>"; };
		6A57B4FC1A1E7E5400271E9B /* TSAppDelegate.m */ = {isa = PBXFileReference; lastKnownFileType = sourcecode.c.objc; path = TSAppDelegate.m; sourceTree = "<group>"; };
		6A57B4FE1A1E7E5400271E9B /* main.m */ = {isa = PBXFileReference; lastKnownFileType = sourcecode.c.objc; path = main.m; sourceTree = "<group>"; };
		6A57B5001A1E7E5400271E9B /* Images.xcassets */ = {isa = PBXFileReference; lastKnownFileType = folder.assetcatalog; path = Images.xcassets; sourceTree = "<group>"; };
		6A57B5031A1E7E5400271E9B /* Base */ = {isa = PBXFileReference; lastKnownFileType = file.xib; name = Base; path = Base.lproj/MainMenu.xib; sourceTree = "<group>"; };
		6A57B51E1A1ED52900271E9B /* NowPlaying.appex */ = {isa = PBXFileReference; explicitFileType = "wrapper.app-extension"; includeInIndex = 0; path = NowPlaying.appex; sourceTree = BUILT_PRODUCTS_DIR; };
		6A57B5201A1ED52900271E9B /* NotificationCenter.framework */ = {isa = PBXFileReference; lastKnownFileType = wrapper.framework; name = NotificationCenter.framework; path = System/Library/Frameworks/NotificationCenter.framework; sourceTree = SDKROOT; };
		6A57B5241A1ED52900271E9B /* Info.plist */ = {isa = PBXFileReference; lastKnownFileType = text.plist.xml; path = Info.plist; sourceTree = "<group>"; };
		6A57B5251A1ED52900271E9B /* NowPlaying.entitlements */ = {isa = PBXFileReference; lastKnownFileType = text.xml; path = NowPlaying.entitlements; sourceTree = "<group>"; };
		6A57B5271A1ED52900271E9B /* en */ = {isa = PBXFileReference; lastKnownFileType = text.plist.strings; name = en; path = en.lproj/InfoPlist.strings; sourceTree = "<group>"; };
		6A57B5291A1ED52900271E9B /* TSTodayExtensionController.h */ = {isa = PBXFileReference; lastKnownFileType = sourcecode.c.h; path = TSTodayExtensionController.h; sourceTree = "<group>"; };
		6A57B52A1A1ED52900271E9B /* TSTodayExtensionController.m */ = {isa = PBXFileReference; lastKnownFileType = sourcecode.c.objc; path = TSTodayExtensionController.m; sourceTree = "<group>"; };
		6A57B52C1A1ED52900271E9B /* TSTodayExtensionController.xib */ = {isa = PBXFileReference; lastKnownFileType = file.xib; path = TSTodayExtensionController.xib; sourceTree = "<group>"; };
		6A57B5371A1EE33600271E9B /* Images.xcassets */ = {isa = PBXFileReference; lastKnownFileType = folder.assetcatalog; path = Images.xcassets; sourceTree = "<group>"; };
		6A57B53B1A1EE73F00271E9B /* TSiTunesController.h */ = {isa = PBXFileReference; fileEncoding = 4; lastKnownFileType = sourcecode.c.h; path = TSiTunesController.h; sourceTree = "<group>"; };
		6A57B53C1A1EE73F00271E9B /* TSiTunesController.m */ = {isa = PBXFileReference; fileEncoding = 4; lastKnownFileType = sourcecode.c.objc; path = TSiTunesController.m; sourceTree = "<group>"; };
		6A57B53E1A1EEE5A00271E9B /* ScriptingBridge.framework */ = {isa = PBXFileReference; lastKnownFileType = wrapper.framework; name = ScriptingBridge.framework; path = System/Library/Frameworks/ScriptingBridge.framework; sourceTree = SDKROOT; };
		6A57B5401A1EF11000271E9B /* iTunes.h */ = {isa = PBXFileReference; lastKnownFileType = sourcecode.c.h; name = iTunes.h; path = ScriptingSupport/iTunes.h; sourceTree = SOURCE_ROOT; };
		6A57B5431A1F051600271E9B /* ITSwitch.h */ = {isa = PBXFileReference; fileEncoding = 4; lastKnownFileType = sourcecode.c.h; path = ITSwitch.h; sourceTree = "<group>"; };
		6A57B5441A1F051600271E9B /* ITSwitch.m */ = {isa = PBXFileReference; fileEncoding = 4; lastKnownFileType = sourcecode.c.objc; path = ITSwitch.m; sourceTree = "<group>"; };
		6A57B5481A1F052300271E9B /* ITSwitch.h */ = {isa = PBXFileReference; fileEncoding = 4; lastKnownFileType = sourcecode.c.h; path = ITSwitch.h; sourceTree = "<group>"; };
		6A57B5491A1F052300271E9B /* ITSwitch.m */ = {isa = PBXFileReference; fileEncoding = 4; lastKnownFileType = sourcecode.c.objc; path = ITSwitch.m; sourceTree = "<group>"; };
		6A57B54D1A1F05F100271E9B /* TSTodaySettings.h */ = {isa = PBXFileReference; fileEncoding = 4; lastKnownFileType = sourcecode.c.h; path = TSTodaySettings.h; sourceTree = "<group>"; };
		6A57B54E1A1F05F100271E9B /* TSTodaySettings.m */ = {isa = PBXFileReference; fileEncoding = 4; lastKnownFileType = sourcecode.c.objc; path = TSTodaySettings.m; sourceTree = "<group>"; };
		6A57B54F1A1F05F100271E9B /* TSTodaySettings.xib */ = {isa = PBXFileReference; fileEncoding = 4; lastKnownFileType = file.xib; path = TSTodaySettings.xib; sourceTree = "<group>"; };
		6A57B5531A1F0B1500271E9B /* TSMouseTrackingView.h */ = {isa = PBXFileReference; fileEncoding = 4; lastKnownFileType = sourcecode.c.h; path = TSMouseTrackingView.h; sourceTree = "<group>"; };
		6A57B5541A1F0B1500271E9B /* TSMouseTrackingView.m */ = {isa = PBXFileReference; fileEncoding = 4; lastKnownFileType = sourcecode.c.objc; path = TSMouseTrackingView.m; sourceTree = "<group>"; };
/* End PBXFileReference section */

/* Begin PBXFrameworksBuildPhase section */
		6A57B4F31A1E7E5400271E9B /* Frameworks */ = {
			isa = PBXFrameworksBuildPhase;
			buildActionMask = 2147483647;
			files = (
			);
			runOnlyForDeploymentPostprocessing = 0;
		};
		6A57B51B1A1ED52900271E9B /* Frameworks */ = {
			isa = PBXFrameworksBuildPhase;
			buildActionMask = 2147483647;
			files = (
				6A4390FF1A1FAE3E00393E13 /* QuartzCore.framework in Frameworks */,
				6A57B53F1A1EEE5A00271E9B /* ScriptingBridge.framework in Frameworks */,
				6A57B5211A1ED52900271E9B /* NotificationCenter.framework in Frameworks */,
			);
			runOnlyForDeploymentPostprocessing = 0;
		};
/* End PBXFrameworksBuildPhase section */

/* Begin PBXGroup section */
		6A1EE79D1A1FD727003EECCA /* Popover Stuff */ = {
			isa = PBXGroup;
			children = (
				6A1EE79E1A1FD73D003EECCA /* NSPopover+NSPopover_TSExtensions.h */,
				6A1EE79F1A1FD73D003EECCA /* NSPopover+NSPopover_TSExtensions.m */,
			);
			name = "Popover Stuff";
			sourceTree = "<group>";
		};
		6A4391071A1FB2F300393E13 /* TSSeekBar */ = {
			isa = PBXGroup;
			children = (
				6A4391081A1FB30900393E13 /* TSSeekBar.h */,
				6A4391091A1FB30900393E13 /* TSSeekBar.m */,
			);
			name = TSSeekBar;
			sourceTree = "<group>";
		};
		6A57B4ED1A1E7E5400271E9B = {
			isa = PBXGroup;
			children = (
				6A57B5351A1ED54300271E9B /* Control App */,
				6A57B5221A1ED52900271E9B /* Today Extension */,
				6A57B51F1A1ED52900271E9B /* Frameworks */,
				6A57B4F71A1E7E5400271E9B /* Products */,
			);
			sourceTree = "<group>";
		};
		6A57B4F71A1E7E5400271E9B /* Products */ = {
			isa = PBXGroup;
			children = (
				6A57B4F61A1E7E5400271E9B /* Meeper.app */,
				6A57B51E1A1ED52900271E9B /* NowPlaying.appex */,
			);
			name = Products;
			sourceTree = "<group>";
		};
		6A57B4F81A1E7E5400271E9B /* App Delegate */ = {
			isa = PBXGroup;
			children = (
				6A57B4FB1A1E7E5400271E9B /* TSAppDelegate.h */,
				6A57B4FC1A1E7E5400271E9B /* TSAppDelegate.m */,
			);
			name = "App Delegate";
			path = Meeper;
			sourceTree = "<group>";
		};
		6A57B4F91A1E7E5400271E9B /* Resources */ = {
			isa = PBXGroup;
			children = (
				6A57B5021A1E7E5400271E9B /* MainMenu.xib */,
				6A57B5001A1E7E5400271E9B /* Images.xcassets */,
				6A57B5191A1E7E6300271E9B /* Supporting Files */,
			);
			name = Resources;
			path = Meeper;
			sourceTree = "<group>";
		};
		6A57B5191A1E7E6300271E9B /* Supporting Files */ = {
			isa = PBXGroup;
			children = (
				6A57B4FA1A1E7E5400271E9B /* Info.plist */,
				6A57B4FE1A1E7E5400271E9B /* main.m */,
			);
			name = "Supporting Files";
			sourceTree = "<group>";
		};
		6A57B51F1A1ED52900271E9B /* Frameworks */ = {
			isa = PBXGroup;
			children = (
				6A4390FE1A1FAE3E00393E13 /* QuartzCore.framework */,
				6A57B53E1A1EEE5A00271E9B /* ScriptingBridge.framework */,
				6A57B5201A1ED52900271E9B /* NotificationCenter.framework */,
			);
			name = Frameworks;
			sourceTree = "<group>";
		};
		6A57B5221A1ED52900271E9B /* Today Extension */ = {
			isa = PBXGroup;
			children = (
				6A1EE79D1A1FD727003EECCA /* Popover Stuff */,
				6A57B53A1A1EE72D00271E9B /* iTunes Scripting */,
				6A57B5411A1F04F400271E9B /* Custom Controls */,
				6A57B5391A1EE72A00271E9B /* UI */,
				6A57B5361A1EE32000271E9B /* Resources */,
				6A57B5231A1ED52900271E9B /* Supporting Files */,
			);
			name = "Today Extension";
			path = NowPlaying;
			sourceTree = "<group>";
		};
		6A57B5231A1ED52900271E9B /* Supporting Files */ = {
			isa = PBXGroup;
			children = (
				6A57B5241A1ED52900271E9B /* Info.plist */,
				6A57B5251A1ED52900271E9B /* NowPlaying.entitlements */,
				6A57B5261A1ED52900271E9B /* InfoPlist.strings */,
			);
			name = "Supporting Files";
			sourceTree = "<group>";
		};
		6A57B5351A1ED54300271E9B /* Control App */ = {
			isa = PBXGroup;
			children = (
				6A57B5461A1F051700271E9B /* Custom Controls */,
				6A57B4F81A1E7E5400271E9B /* App Delegate */,
				6A57B4F91A1E7E5400271E9B /* Resources */,
			);
			name = "Control App";
			sourceTree = "<group>";
		};
		6A57B5361A1EE32000271E9B /* Resources */ = {
			isa = PBXGroup;
			children = (
				6A57B5371A1EE33600271E9B /* Images.xcassets */,
			);
			name = Resources;
			sourceTree = "<group>";
		};
		6A57B5391A1EE72A00271E9B /* UI */ = {
			isa = PBXGroup;
			children = (
				6A57B54C1A1F05DC00271E9B /* Settings */,
				6A57B54B1A1F05D200271E9B /* Main Widget */,
			);
			name = UI;
			sourceTree = "<group>";
		};
		6A57B53A1A1EE72D00271E9B /* iTunes Scripting */ = {
			isa = PBXGroup;
			children = (
				6A57B5401A1EF11000271E9B /* iTunes.h */,
				6A57B53B1A1EE73F00271E9B /* TSiTunesController.h */,
				6A57B53C1A1EE73F00271E9B /* TSiTunesController.m */,
				6A43910B1A1FC3A200393E13 /* TSFloatToTimeIntervalTransformer.h */,
				6A43910C1A1FC3A200393E13 /* TSFloatToTimeIntervalTransformer.m */,
			);
			name = "iTunes Scripting";
			sourceTree = "<group>";
		};
		6A57B5411A1F04F400271E9B /* Custom Controls */ = {
			isa = PBXGroup;
			children = (
				6A4391071A1FB2F300393E13 /* TSSeekBar */,
				6A57B5561A1F0C6300271E9B /* TSMouseTrackingView */,
				6A57B5421A1F051600271E9B /* ITSwitch */,
			);
			name = "Custom Controls";
			sourceTree = "<group>";
		};
		6A57B5421A1F051600271E9B /* ITSwitch */ = {
			isa = PBXGroup;
			children = (
				6A57B5431A1F051600271E9B /* ITSwitch.h */,
				6A57B5441A1F051600271E9B /* ITSwitch.m */,
			);
			name = ITSwitch;
			path = ITSwitch/ITSwitch;
			sourceTree = SOURCE_ROOT;
		};
		6A57B5461A1F051700271E9B /* Custom Controls */ = {
			isa = PBXGroup;
			children = (
				6A57B5471A1F052300271E9B /* ITSwitch */,
			);
			name = "Custom Controls";
			sourceTree = "<group>";
		};
		6A57B5471A1F052300271E9B /* ITSwitch */ = {
			isa = PBXGroup;
			children = (
				6A57B5481A1F052300271E9B /* ITSwitch.h */,
				6A57B5491A1F052300271E9B /* ITSwitch.m */,
			);
			name = ITSwitch;
			path = ITSwitch/ITSwitch;
			sourceTree = "<group>";
		};
		6A57B54B1A1F05D200271E9B /* Main Widget */ = {
			isa = PBXGroup;
			children = (
				6A57B5291A1ED52900271E9B /* TSTodayExtensionController.h */,
				6A57B52A1A1ED52900271E9B /* TSTodayExtensionController.m */,
				6A57B52C1A1ED52900271E9B /* TSTodayExtensionController.xib */,
			);
			name = "Main Widget";
			sourceTree = "<group>";
		};
		6A57B54C1A1F05DC00271E9B /* Settings */ = {
			isa = PBXGroup;
			children = (
				6A57B54D1A1F05F100271E9B /* TSTodaySettings.h */,
				6A57B54E1A1F05F100271E9B /* TSTodaySettings.m */,
				6A57B54F1A1F05F100271E9B /* TSTodaySettings.xib */,
			);
			name = Settings;
			sourceTree = "<group>";
		};
		6A57B5561A1F0C6300271E9B /* TSMouseTrackingView */ = {
			isa = PBXGroup;
			children = (
				6A57B5531A1F0B1500271E9B /* TSMouseTrackingView.h */,
				6A57B5541A1F0B1500271E9B /* TSMouseTrackingView.m */,
			);
			name = TSMouseTrackingView;
			sourceTree = "<group>";
		};
/* End PBXGroup section */

/* Begin PBXNativeTarget section */
		6A57B4F51A1E7E5400271E9B /* Meeper */ = {
			isa = PBXNativeTarget;
			buildConfigurationList = 6A57B5131A1E7E5400271E9B /* Build configuration list for PBXNativeTarget "Meeper" */;
			buildPhases = (
				6A57B4F21A1E7E5400271E9B /* Sources */,
				6A57B4F31A1E7E5400271E9B /* Frameworks */,
				6A57B4F41A1E7E5400271E9B /* Resources */,
				6A57B5341A1ED52900271E9B /* Embed App Extensions */,
			);
			buildRules = (
			);
			dependencies = (
				6A57B52F1A1ED52900271E9B /* PBXTargetDependency */,
			);
			name = Meeper;
			productName = Meeper;
			productReference = 6A57B4F61A1E7E5400271E9B /* Meeper.app */;
			productType = "com.apple.product-type.application";
		};
		6A57B51D1A1ED52900271E9B /* NowPlaying */ = {
			isa = PBXNativeTarget;
			buildConfigurationList = 6A57B5311A1ED52900271E9B /* Build configuration list for PBXNativeTarget "NowPlaying" */;
			buildPhases = (
				6A57B51A1A1ED52900271E9B /* Sources */,
				6A57B51B1A1ED52900271E9B /* Frameworks */,
				6A57B51C1A1ED52900271E9B /* Resources */,
			);
			buildRules = (
			);
			dependencies = (
			);
			name = NowPlaying;
			productName = NowPlaying;
			productReference = 6A57B51E1A1ED52900271E9B /* NowPlaying.appex */;
			productType = "com.apple.product-type.app-extension";
		};
/* End PBXNativeTarget section */

/* Begin PBXProject section */
		6A57B4EE1A1E7E5400271E9B /* Project object */ = {
			isa = PBXProject;
			attributes = {
				LastUpgradeCheck = 0610;
				ORGANIZATIONNAME = "Tristan Seifert";
				TargetAttributes = {
					6A57B4F51A1E7E5400271E9B = {
						CreatedOnToolsVersion = 6.1;
					};
					6A57B51D1A1ED52900271E9B = {
						CreatedOnToolsVersion = 6.1;
						SystemCapabilities = {
							com.apple.ApplicationGroups.Mac = {
								enabled = 0;
							};
						};
					};
				};
			};
			buildConfigurationList = 6A57B4F11A1E7E5400271E9B /* Build configuration list for PBXProject "Meeper" */;
			compatibilityVersion = "Xcode 3.2";
			developmentRegion = English;
			hasScannedForEncodings = 0;
			knownRegions = (
				en,
				Base,
			);
			mainGroup = 6A57B4ED1A1E7E5400271E9B;
			productRefGroup = 6A57B4F71A1E7E5400271E9B /* Products */;
			projectDirPath = "";
			projectRoot = "";
			targets = (
				6A57B4F51A1E7E5400271E9B /* Meeper */,
				6A57B51D1A1ED52900271E9B /* NowPlaying */,
			);
		};
/* End PBXProject section */

/* Begin PBXResourcesBuildPhase section */
		6A57B4F41A1E7E5400271E9B /* Resources */ = {
			isa = PBXResourcesBuildPhase;
			buildActionMask = 2147483647;
			files = (
				6A57B5011A1E7E5400271E9B /* Images.xcassets in Resources */,
				6A57B5041A1E7E5400271E9B /* MainMenu.xib in Resources */,
			);
			runOnlyForDeploymentPostprocessing = 0;
		};
		6A57B51C1A1ED52900271E9B /* Resources */ = {
			isa = PBXResourcesBuildPhase;
			buildActionMask = 2147483647;
			files = (
				6A57B5381A1EE33600271E9B /* Images.xcassets in Resources */,
				6A57B5511A1F05F100271E9B /* TSTodaySettings.xib in Resources */,
				6A57B52D1A1ED52900271E9B /* TSTodayExtensionController.xib in Resources */,
				6A57B5281A1ED52900271E9B /* InfoPlist.strings in Resources */,
			);
			runOnlyForDeploymentPostprocessing = 0;
		};
/* End PBXResourcesBuildPhase section */

/* Begin PBXSourcesBuildPhase section */
		6A57B4F21A1E7E5400271E9B /* Sources */ = {
			isa = PBXSourcesBuildPhase;
			buildActionMask = 2147483647;
			files = (
				6A57B54A1A1F052300271E9B /* ITSwitch.m in Sources */,
				6A57B4FF1A1E7E5400271E9B /* main.m in Sources */,
				6A57B4FD1A1E7E5400271E9B /* TSAppDelegate.m in Sources */,
			);
			runOnlyForDeploymentPostprocessing = 0;
		};
		6A57B51A1A1ED52900271E9B /* Sources */ = {
			isa = PBXSourcesBuildPhase;
			buildActionMask = 2147483647;
			files = (
				6A57B5451A1F051600271E9B /* ITSwitch.m in Sources */,
				6A57B5501A1F05F100271E9B /* TSTodaySettings.m in Sources */,
				6A43910A1A1FB30900393E13 /* TSSeekBar.m in Sources */,
				6A57B5551A1F0B1500271E9B /* TSMouseTrackingView.m in Sources */,
				6A43910D1A1FC3A200393E13 /* TSFloatToTimeIntervalTransformer.m in Sources */,
				6A57B53D1A1EE73F00271E9B /* TSiTunesController.m in Sources */,
				6A1EE7A01A1FD73D003EECCA /* NSPopover+NSPopover_TSExtensions.m in Sources */,
				6A57B52B1A1ED52900271E9B /* TSTodayExtensionController.m in Sources */,
			);
			runOnlyForDeploymentPostprocessing = 0;
		};
/* End PBXSourcesBuildPhase section */

/* Begin PBXTargetDependency section */
		6A57B52F1A1ED52900271E9B /* PBXTargetDependency */ = {
			isa = PBXTargetDependency;
			target = 6A57B51D1A1ED52900271E9B /* NowPlaying */;
			targetProxy = 6A57B52E1A1ED52900271E9B /* PBXContainerItemProxy */;
		};
/* End PBXTargetDependency section */

/* Begin PBXVariantGroup section */
		6A57B5021A1E7E5400271E9B /* MainMenu.xib */ = {
			isa = PBXVariantGroup;
			children = (
				6A57B5031A1E7E5400271E9B /* Base */,
			);
			name = MainMenu.xib;
			sourceTree = "<group>";
		};
		6A57B5261A1ED52900271E9B /* InfoPlist.strings */ = {
			isa = PBXVariantGroup;
			children = (
				6A57B5271A1ED52900271E9B /* en */,
			);
			name = InfoPlist.strings;
			sourceTree = "<group>";
		};
/* End PBXVariantGroup section */

/* Begin XCBuildConfiguration section */
		6A57B5111A1E7E5400271E9B /* Debug */ = {
			isa = XCBuildConfiguration;
			buildSettings = {
				ALWAYS_SEARCH_USER_PATHS = NO;
				CLANG_CXX_LANGUAGE_STANDARD = "gnu++0x";
				CLANG_CXX_LIBRARY = "libc++";
				CLANG_ENABLE_MODULES = YES;
				CLANG_ENABLE_OBJC_ARC = YES;
				CLANG_WARN_BOOL_CONVERSION = YES;
				CLANG_WARN_CONSTANT_CONVERSION = YES;
				CLANG_WARN_DIRECT_OBJC_ISA_USAGE = YES_ERROR;
				CLANG_WARN_EMPTY_BODY = YES;
				CLANG_WARN_ENUM_CONVERSION = YES;
				CLANG_WARN_INT_CONVERSION = YES;
				CLANG_WARN_OBJC_ROOT_CLASS = YES_ERROR;
				CLANG_WARN_UNREACHABLE_CODE = YES;
				CLANG_WARN__DUPLICATE_METHOD_MATCH = YES;
				CODE_SIGN_IDENTITY = "-";
				COPY_PHASE_STRIP = NO;
				ENABLE_STRICT_OBJC_MSGSEND = YES;
				GCC_C_LANGUAGE_STANDARD = gnu99;
				GCC_DYNAMIC_NO_PIC = NO;
				GCC_OPTIMIZATION_LEVEL = 0;
				GCC_PREPROCESSOR_DEFINITIONS = (
					"DEBUG=1",
					"$(inherited)",
				);
				GCC_SYMBOLS_PRIVATE_EXTERN = NO;
				GCC_WARN_64_TO_32_BIT_CONVERSION = YES;
				GCC_WARN_ABOUT_RETURN_TYPE = YES_ERROR;
				GCC_WARN_UNDECLARED_SELECTOR = YES;
				GCC_WARN_UNINITIALIZED_AUTOS = YES_AGGRESSIVE;
				GCC_WARN_UNUSED_FUNCTION = YES;
				GCC_WARN_UNUSED_VARIABLE = YES;
				MACOSX_DEPLOYMENT_TARGET = 10.10;
				MTL_ENABLE_DEBUG_INFO = YES;
				ONLY_ACTIVE_ARCH = YES;
				SDKROOT = macosx;
			};
			name = Debug;
		};
		6A57B5121A1E7E5400271E9B /* Release */ = {
			isa = XCBuildConfiguration;
			buildSettings = {
				ALWAYS_SEARCH_USER_PATHS = NO;
				CLANG_CXX_LANGUAGE_STANDARD = "gnu++0x";
				CLANG_CXX_LIBRARY = "libc++";
				CLANG_ENABLE_MODULES = YES;
				CLANG_ENABLE_OBJC_ARC = YES;
				CLANG_WARN_BOOL_CONVERSION = YES;
				CLANG_WARN_CONSTANT_CONVERSION = YES;
				CLANG_WARN_DIRECT_OBJC_ISA_USAGE = YES_ERROR;
				CLANG_WARN_EMPTY_BODY = YES;
				CLANG_WARN_ENUM_CONVERSION = YES;
				CLANG_WARN_INT_CONVERSION = YES;
				CLANG_WARN_OBJC_ROOT_CLASS = YES_ERROR;
				CLANG_WARN_UNREACHABLE_CODE = YES;
				CLANG_WARN__DUPLICATE_METHOD_MATCH = YES;
				CODE_SIGN_IDENTITY = "-";
				COPY_PHASE_STRIP = YES;
				DEBUG_INFORMATION_FORMAT = "dwarf-with-dsym";
				ENABLE_NS_ASSERTIONS = NO;
				ENABLE_STRICT_OBJC_MSGSEND = YES;
				GCC_C_LANGUAGE_STANDARD = gnu99;
				GCC_WARN_64_TO_32_BIT_CONVERSION = YES;
				GCC_WARN_ABOUT_RETURN_TYPE = YES_ERROR;
				GCC_WARN_UNDECLARED_SELECTOR = YES;
				GCC_WARN_UNINITIALIZED_AUTOS = YES_AGGRESSIVE;
				GCC_WARN_UNUSED_FUNCTION = YES;
				GCC_WARN_UNUSED_VARIABLE = YES;
				MACOSX_DEPLOYMENT_TARGET = 10.10;
				MTL_ENABLE_DEBUG_INFO = NO;
				SDKROOT = macosx;
			};
			name = Release;
		};
		6A57B5141A1E7E5400271E9B /* Debug */ = {
			isa = XCBuildConfiguration;
			buildSettings = {
				ASSETCATALOG_COMPILER_APPICON_NAME = AppIcon;
				COMBINE_HIDPI_IMAGES = YES;
				INFOPLIST_FILE = Meeper/Info.plist;
				LD_RUNPATH_SEARCH_PATHS = "$(inherited) @executable_path/../Frameworks";
				PRODUCT_NAME = "$(TARGET_NAME)";
			};
			name = Debug;
		};
		6A57B5151A1E7E5400271E9B /* Release */ = {
			isa = XCBuildConfiguration;
			buildSettings = {
				ASSETCATALOG_COMPILER_APPICON_NAME = AppIcon;
				COMBINE_HIDPI_IMAGES = YES;
				INFOPLIST_FILE = Meeper/Info.plist;
				LD_RUNPATH_SEARCH_PATHS = "$(inherited) @executable_path/../Frameworks";
				PRODUCT_NAME = "$(TARGET_NAME)";
			};
			name = Release;
		};
		6A57B5321A1ED52900271E9B /* Debug */ = {
			isa = XCBuildConfiguration;
			buildSettings = {
				CODE_SIGN_ENTITLEMENTS = NowPlaying/NowPlaying.entitlements;
				CODE_SIGN_IDENTITY = "-";
				COMBINE_HIDPI_IMAGES = YES;
				GCC_PREPROCESSOR_DEFINITIONS = (
					"DEBUG=1",
					"$(inherited)",
				);
				INFOPLIST_FILE = NowPlaying/Info.plist;
				LD_RUNPATH_SEARCH_PATHS = "$(inherited) @executable_path/../Frameworks @executable_path/../../../../Frameworks";
				PRODUCT_NAME = "$(TARGET_NAME)";
				SKIP_INSTALL = YES;
			};
			name = Debug;
		};
		6A57B5331A1ED52900271E9B /* Release */ = {
			isa = XCBuildConfiguration;
			buildSettings = {
				CODE_SIGN_ENTITLEMENTS = NowPlaying/NowPlaying.entitlements;
				CODE_SIGN_IDENTITY = "-";
				COMBINE_HIDPI_IMAGES = YES;
				INFOPLIST_FILE = NowPlaying/Info.plist;
				LD_RUNPATH_SEARCH_PATHS = "$(inherited) @executable_path/../Frameworks @executable_path/../../../../Frameworks";
				PRODUCT_NAME = "$(TARGET_NAME)";
				SKIP_INSTALL = YES;
			};
			name = Release;
		};
/* End XCBuildConfiguration section */

/* Begin XCConfigurationList section */
		6A57B4F11A1E7E5400271E9B /* Build configuration list for PBXProject "Meeper" */ = {
			isa = XCConfigurationList;
			buildConfigurations = (
				6A57B5111A1E7E5400271E9B /* Debug */,
				6A57B5121A1E7E5400271E9B /* Release */,
			);
			defaultConfigurationIsVisible = 0;
			defaultConfigurationName = Release;
		};
		6A57B5131A1E7E5400271E9B /* Build configuration list for PBXNativeTarget "Meeper" */ = {
			isa = XCConfigurationList;
			buildConfigurations = (
				6A57B5141A1E7E5400271E9B /* Debug */,
				6A57B5151A1E7E5400271E9B /* Release */,
			);
			defaultConfigurationIsVisible = 0;
			defaultConfigurationName = Release;
		};
		6A57B5311A1ED52900271E9B /* Build configuration list for PBXNativeTarget "NowPlaying" */ = {
			isa = XCConfigurationList;
			buildConfigurations = (
				6A57B5321A1ED52900271E9B /* Debug */,
				6A57B5331A1ED52900271E9B /* Release */,
			);
			defaultConfigurationIsVisible = 0;
			defaultConfigurationName = Release;
		};
/* End XCConfigurationList section */
	};
	rootObject = 6A57B4EE1A1E7E5400271E9B /* Project object */;
}
